
Microsoft Visual Studio Solution File, Format Version 12.00
# Visual Studio 2013
VisualStudioVersion = 12.0.21005.1
MinimumVisualStudioVersion = 10.0.40219.1
Project("{2150E333-8FDC-42A3-9474-1A3956D46DE8}") = ".nuget", ".nuget", "{D8766648-D237-42D2-96E4-BA2232A1EC7F}"
	ProjectSection(SolutionItems) = preProject
		.nuget\NuGet.Config = .nuget\NuGet.Config
		.nuget\NuGet.exe = .nuget\NuGet.exe
		.nuget\NuGet.targets = .nuget\NuGet.targets
	EndProjectSection
EndProject
Project("{FAE04EC0-301F-11D3-BF4B-00C04F79EFBC}") = "Comments.Web", "Comments.Web\Comments.Web.csproj", "{7EEA4E28-D858-4D9F-AE40-A27421913D89}"
EndProject
Global
	GlobalSection(SolutionConfigurationPlatforms) = preSolution
		Debug|Any CPU = Debug|Any CPU
		Release|Any CPU = Release|Any CPU
	EndGlobalSection
	GlobalSection(ProjectConfigurationPlatforms) = postSolution
		{7EEA4E28-D858-4D9F-AE40-A27421913D89}.Debug|Any CPU.ActiveCfg = Debug|Any CPU
		{7EEA4E28-D858-4D9F-AE40-A27421913D89}.Debug|Any CPU.Build.0 = Debug|Any CPU
		{7EEA4E28-D858-4D9F-AE40-A27421913D89}.Release|Any CPU.ActiveCfg = Release|Any CPU
		{7EEA4E28-D858-4D9F-AE40-A27421913D89}.Release|Any CPU.Build.0 = Release|Any CPU
	EndGlobalSection
	GlobalSection(SolutionProperties) = preSolution
		HideSolutionNode = FALSE
	EndGlobalSection
EndGlobal
